schema: '2.0'
stages:
  data_ingestion:
    cmd: uv run src/nextWordPrediction/pipeline/data_ingestion_pipeline.py
    deps:
    - path: config/config.yaml
      hash: md5
      md5: c43ae93146bca10bdc55b21b20689ed0
      size: 491
    - path: src/nextWordPrediction/components/data_ingestion.py
      hash: md5
      md5: 95cb277921d1c8db6f3b2cb7605446f6
      size: 921
    outs:
    - path: artifact/data_ingestion/1661-0.txt
      hash: md5
      md5: e14dc3d49f06c31509b911df7a2eb850
      size: 607791
  data_transformation:
    cmd: uv run src/nextWordPrediction/pipeline/data_transformation_pipeline.py
    deps:
    - path: artifact/data_ingestion/1661-0.txt
      hash: md5
      md5: e14dc3d49f06c31509b911df7a2eb850
      size: 607791
    - path: config/config.yaml
      hash: md5
      md5: c43ae93146bca10bdc55b21b20689ed0
      size: 491
    - path: src/nextWordPrediction/components/data_transformation.py
      hash: md5
      md5: 65c158593f55dd290d293efeb004c6e3
      size: 1727
    outs:
    - path: artifact/data_transformation/tokenizer.pkl
      hash: md5
      md5: e1fa12c9e0f930b844361be389685e12
      size: 121498
