schema: '2.0'
stages:
  data_ingestion:
    cmd: uv run src/nextWordPrediction/pipeline/data_ingestion_pipeline.py
    deps:
    - path: config/config.yaml
      hash: md5
      md5: 15454554874b8505669166be73fc4836
      size: 732
    - path: src/nextWordPrediction/components/data_ingestion.py
      hash: md5
      md5: 95cb277921d1c8db6f3b2cb7605446f6
      size: 921
    outs:
    - path: artifact/data_ingestion/1661-0.txt
      hash: md5
      md5: e14dc3d49f06c31509b911df7a2eb850
      size: 607791
  data_transformation:
    cmd: uv run src/nextWordPrediction/pipeline/data_transformation_pipeline.py
    deps:
    - path: artifact/data_ingestion/1661-0.txt
      hash: md5
      md5: e14dc3d49f06c31509b911df7a2eb850
      size: 607791
    - path: config/config.yaml
      hash: md5
      md5: 15454554874b8505669166be73fc4836
      size: 732
    - path: src/nextWordPrediction/components/data_transformation.py
      hash: md5
      md5: 3ec9baa1d490ac64cbd4c7fc621ca665
      size: 2297
    outs:
    - path: artifact/data_transformation/tokenizer.pkl
      hash: md5
      md5: 7fd056b0a6108dcf6d774e39b03a05b1
      size: 106994
  model_building:
    cmd: uv run src/nextWordPrediction/pipeline/model_building_pipeline.py
    deps:
    - path: artifact/data_transformation/train.txt
      hash: md5
      md5: b7fdc92f0d65997edbc85f9fc6270811
      size: 443513
    - path: artifact/data_transformation/val.txt
      hash: md5
      md5: 3ca190a6a3bfc34270edb1bf31681f37
      size: 55439
    - path: config/config.yaml
      hash: md5
      md5: 15454554874b8505669166be73fc4836
      size: 732
    - path: src/nextWordPrediction/components/training_model.py
      hash: md5
      md5: b91a19a0f93615b9f74e43c21bd5448e
      size: 3496
    outs:
    - path: artifact/build_model/model.pth
      hash: md5
      md5: dc2563d2fde24745058e1649805ca2fa
      size: 40086274
  model_eval:
    cmd: uv run src/nextWordPrediction/pipeline/model_eval_pipeline.py
    deps:
    - path: artifact/build_model/model.pth
      hash: md5
      md5: dc2563d2fde24745058e1649805ca2fa
      size: 40086274
    - path: artifact/data_transformation/test.txt
      hash: md5
      md5: 44e2a0ba14013e9b97b441450eefa323
      size: 55440
    - path: config/config.yaml
      hash: md5
      md5: 15454554874b8505669166be73fc4836
      size: 732
    - path: src/nextWordPrediction/components/model_eval.py
      hash: md5
      md5: 0c609e417308a40da04c30657f2dcabc
      size: 1985
    outs:
    - path: artifact/model_eval/metric.json
      hash: md5
      md5: 0ce02a6419be9fda7128aa836eca3009
      size: 76
